
Microsoft Visual Studio Solution File, Format Version 12.00
# Visual Studio Version 17
VisualStudioVersion = 17.11.35327.3
MinimumVisualStudioVersion = 10.0.40219.1
Project("{FAE04EC0-301F-11D3-BF4B-00C04F79EFBC}") = "ProjectWPFLooksGreat", "ProjectWPFLooksGreat\ProjectWPFLooksGreat.csproj", "{A55F1217-CF05-4916-A26D-BF15D729AD5B}"
EndProject
Global
	GlobalSection(SolutionConfigurationPlatforms) = preSolution
		Debug|Any CPU = Debug|Any CPU
		Release|Any CPU = Release|Any CPU
	EndGlobalSection
	GlobalSection(ProjectConfigurationPlatforms) = postSolution
		{A55F1217-CF05-4916-A26D-BF15D729AD5B}.Debug|Any CPU.ActiveCfg = Debug|Any CPU
		{A55F1217-CF05-4916-A26D-BF15D729AD5B}.Debug|Any CPU.Build.0 = Debug|Any CPU
		{A55F1217-CF05-4916-A26D-BF15D729AD5B}.Release|Any CPU.ActiveCfg = Release|Any CPU
		{A55F1217-CF05-4916-A26D-BF15D729AD5B}.Release|Any CPU.Build.0 = Release|Any CPU
	EndGlobalSection
	GlobalSection(SolutionProperties) = preSolution
		HideSolutionNode = FALSE
	EndGlobalSection
	GlobalSection(ExtensibilityGlobals) = postSolution
		SolutionGuid = {7AD83CE9-1D06-4524-8E8C-1A572A1B9591}
	EndGlobalSection
EndGlobal
